
Microsoft Visual Studio Solution File, Format Version 12.00
# Visual Studio Version 17
VisualStudioVersion = 17.7.34003.232
MinimumVisualStudioVersion = 10.0.40219.1
Project("{FAE04EC0-301F-11D3-BF4B-00C04F79EFBC}") = "saasus-sdk-csharp", "saasus-sdk-csharp.csproj", "{12E1CBA9-63FA-4E50-A38C-177A437D45B4}"
EndProject
Global
	GlobalSection(SolutionConfigurationPlatforms) = preSolution
		Debug|Any CPU = Debug|Any CPU
		Release|Any CPU = Release|Any CPU
	EndGlobalSection
	GlobalSection(ProjectConfigurationPlatforms) = postSolution
		{12E1CBA9-63FA-4E50-A38C-177A437D45B4}.Debug|Any CPU.ActiveCfg = Debug|Any CPU
		{12E1CBA9-63FA-4E50-A38C-177A437D45B4}.Debug|Any CPU.Build.0 = Debug|Any CPU
		{12E1CBA9-63FA-4E50-A38C-177A437D45B4}.Release|Any CPU.ActiveCfg = Release|Any CPU
		{12E1CBA9-63FA-4E50-A38C-177A437D45B4}.Release|Any CPU.Build.0 = Release|Any CPU
	EndGlobalSection
	GlobalSection(SolutionProperties) = preSolution
		HideSolutionNode = FALSE
	EndGlobalSection
	GlobalSection(ExtensibilityGlobals) = postSolution
		SolutionGuid = {3D4612DC-953C-4B84-8612-7D206B01DC1C}
	EndGlobalSection
EndGlobal
